
Microsoft Visual Studio Solution File, Format Version 12.00
# Visual Studio Version 16
VisualStudioVersion = 16.0.30907.101
MinimumVisualStudioVersion = 10.0.40219.1
Project("{9A19103F-16F7-4668-BE54-9A1E7A4F7556}") = "DataAccess", "DataAccess\DataAccess.csproj", "{23B85BC6-879F-4FF3-B233-64EF6925513F}"
EndProject
Project("{9A19103F-16F7-4668-BE54-9A1E7A4F7556}") = "Business", "Business\Business.csproj", "{03F0CF34-7A14-4CE2-8915-6D7B3AAFF349}"
EndProject
Project("{9A19103F-16F7-4668-BE54-9A1E7A4F7556}") = "Entities", "Entities\Entities.csproj", "{5D725515-40AB-43FB-B43E-753975974004}"
EndProject
Project("{FAE04EC0-301F-11D3-BF4B-00C04F79EFBC}") = "ConsoleUI", "ConsoleUI\ConsoleUI.csproj", "{911D9564-490C-430A-84AC-E8C4AA43C197}"
EndProject
Global
	GlobalSection(SolutionConfigurationPlatforms) = preSolution
		Debug|Any CPU = Debug|Any CPU
		Release|Any CPU = Release|Any CPU
	EndGlobalSection
	GlobalSection(ProjectConfigurationPlatforms) = postSolution
		{23B85BC6-879F-4FF3-B233-64EF6925513F}.Debug|Any CPU.ActiveCfg = Debug|Any CPU
		{23B85BC6-879F-4FF3-B233-64EF6925513F}.Debug|Any CPU.Build.0 = Debug|Any CPU
		{23B85BC6-879F-4FF3-B233-64EF6925513F}.Release|Any CPU.ActiveCfg = Release|Any CPU
		{23B85BC6-879F-4FF3-B233-64EF6925513F}.Release|Any CPU.Build.0 = Release|Any CPU
		{03F0CF34-7A14-4CE2-8915-6D7B3AAFF349}.Debug|Any CPU.ActiveCfg = Debug|Any CPU
		{03F0CF34-7A14-4CE2-8915-6D7B3AAFF349}.Debug|Any CPU.Build.0 = Debug|Any CPU
		{03F0CF34-7A14-4CE2-8915-6D7B3AAFF349}.Release|Any CPU.ActiveCfg = Release|Any CPU
		{03F0CF34-7A14-4CE2-8915-6D7B3AAFF349}.Release|Any CPU.Build.0 = Release|Any CPU
		{5D725515-40AB-43FB-B43E-753975974004}.Debug|Any CPU.ActiveCfg = Debug|Any CPU
		{5D725515-40AB-43FB-B43E-753975974004}.Debug|Any CPU.Build.0 = Debug|Any CPU
		{5D725515-40AB-43FB-B43E-753975974004}.Release|Any CPU.ActiveCfg = Release|Any CPU
		{5D725515-40AB-43FB-B43E-753975974004}.Release|Any CPU.Build.0 = Release|Any CPU
		{911D9564-490C-430A-84AC-E8C4AA43C197}.Debug|Any CPU.ActiveCfg = Debug|Any CPU
		{911D9564-490C-430A-84AC-E8C4AA43C197}.Debug|Any CPU.Build.0 = Debug|Any CPU
		{911D9564-490C-430A-84AC-E8C4AA43C197}.Release|Any CPU.ActiveCfg = Release|Any CPU
		{911D9564-490C-430A-84AC-E8C4AA43C197}.Release|Any CPU.Build.0 = Release|Any CPU
	EndGlobalSection
	GlobalSection(SolutionProperties) = preSolution
		HideSolutionNode = FALSE
	EndGlobalSection
	GlobalSection(ExtensibilityGlobals) = postSolution
		SolutionGuid = {CFF20D88-7947-40CF-A86D-E3C2F43AC446}
	EndGlobalSection
EndGlobal
